// !$*UTF8*$!
{
	archiveVersion = 1;
	classes = {
	};
	objectVersion = 46;
	objects = {

/* Begin PBXBuildFile section */
		012B4C561DE3F18C003FD752 /* FakePlotView.swift in Sources */ = {isa = PBXBuildFile; fileRef = 012B4C551DE3F18C003FD752 /* FakePlotView.swift */; };
		016B53381DE3BE0F0035CD8A /* FakeDataGenerator.swift in Sources */ = {isa = PBXBuildFile; fileRef = 016B53371DE3BE0F0035CD8A /* FakeDataGenerator.swift */; };
		01F9392C1DDA33D800EE11AB /* FakeViewController.swift in Sources */ = {isa = PBXBuildFile; fileRef = 01F9392B1DDA33D800EE11AB /* FakeViewController.swift */; };
		01FBFC401DE375040033E98F /* DataAnalysis.swift in Sources */ = {isa = PBXBuildFile; fileRef = 01FBFC3F1DE375040033E98F /* DataAnalysis.swift */; };
		F100F0241C56BFBE0050D285 /* AppDelegate.swift in Sources */ = {isa = PBXBuildFile; fileRef = F100F0231C56BFBE0050D285 /* AppDelegate.swift */; };
		F100F0261C56BFBE0050D285 /* ViewController.swift in Sources */ = {isa = PBXBuildFile; fileRef = F100F0251C56BFBE0050D285 /* ViewController.swift */; };
		F100F0291C56BFBE0050D285 /* Main.storyboard in Resources */ = {isa = PBXBuildFile; fileRef = F100F0271C56BFBE0050D285 /* Main.storyboard */; };
		F100F02B1C56BFBE0050D285 /* Assets.xcassets in Resources */ = {isa = PBXBuildFile; fileRef = F100F02A1C56BFBE0050D285 /* Assets.xcassets */; };
		F100F02E1C56BFBE0050D285 /* LaunchScreen.storyboard in Resources */ = {isa = PBXBuildFile; fileRef = F100F02C1C56BFBE0050D285 /* LaunchScreen.storyboard */; };
		F10F3B7C1C91F80300443A7E /* NSData_hexadecimalString.swift in Sources */ = {isa = PBXBuildFile; fileRef = F10F3B7B1C91F80300443A7E /* NSData_hexadecimalString.swift */; };
		F12F0B291CA319B2009AF2C3 /* PlotView.swift in Sources */ = {isa = PBXBuildFile; fileRef = F12F0B281CA319B2009AF2C3 /* PlotView.swift */; };
		F1ADBC431C7D17F000F91E52 /* ECGViewController.swift in Sources */ = {isa = PBXBuildFile; fileRef = F1ADBC421C7D17F000F91E52 /* ECGViewController.swift */; };
/* End PBXBuildFile section */

/* Begin PBXFileReference section */
		012B4C551DE3F18C003FD752 /* FakePlotView.swift */ = {isa = PBXFileReference; fileEncoding = 4; lastKnownFileType = sourcecode.swift; path = FakePlotView.swift; sourceTree = "<group>"; };
		016B53371DE3BE0F0035CD8A /* FakeDataGenerator.swift */ = {isa = PBXFileReference; fileEncoding = 4; lastKnownFileType = sourcecode.swift; path = FakeDataGenerator.swift; sourceTree = "<group>"; };
		01F9392B1DDA33D800EE11AB /* FakeViewController.swift */ = {isa = PBXFileReference; fileEncoding = 4; lastKnownFileType = sourcecode.swift; path = FakeViewController.swift; sourceTree = "<group>"; };
		01FBFC3F1DE375040033E98F /* DataAnalysis.swift */ = {isa = PBXFileReference; fileEncoding = 4; lastKnownFileType = sourcecode.swift; path = DataAnalysis.swift; sourceTree = "<group>"; };
		F100F0201C56BFBE0050D285 /* ECG_mock.app */ = {isa = PBXFileReference; explicitFileType = wrapper.application; includeInIndex = 0; path = ECG_mock.app; sourceTree = BUILT_PRODUCTS_DIR; };
		F100F0231C56BFBE0050D285 /* AppDelegate.swift */ = {isa = PBXFileReference; lastKnownFileType = sourcecode.swift; path = AppDelegate.swift; sourceTree = "<group>"; };
		F100F0251C56BFBE0050D285 /* ViewController.swift */ = {isa = PBXFileReference; lastKnownFileType = sourcecode.swift; path = ViewController.swift; sourceTree = "<group>"; };
		F100F0281C56BFBE0050D285 /* Base */ = {isa = PBXFileReference; lastKnownFileType = file.storyboard; name = Base; path = Base.lproj/Main.storyboard; sourceTree = "<group>"; };
		F100F02A1C56BFBE0050D285 /* Assets.xcassets */ = {isa = PBXFileReference; lastKnownFileType = folder.assetcatalog; path = Assets.xcassets; sourceTree = "<group>"; };
		F100F02D1C56BFBE0050D285 /* Base */ = {isa = PBXFileReference; lastKnownFileType = file.storyboard; name = Base; path = Base.lproj/LaunchScreen.storyboard; sourceTree = "<group>"; };
		F100F02F1C56BFBE0050D285 /* Info.plist */ = {isa = PBXFileReference; lastKnownFileType = text.plist.xml; path = Info.plist; sourceTree = "<group>"; };
		F10F3B7B1C91F80300443A7E /* NSData_hexadecimalString.swift */ = {isa = PBXFileReference; fileEncoding = 4; lastKnownFileType = sourcecode.swift; path = NSData_hexadecimalString.swift; sourceTree = "<group>"; };
		F12F0B281CA319B2009AF2C3 /* PlotView.swift */ = {isa = PBXFileReference; fileEncoding = 4; lastKnownFileType = sourcecode.swift; path = PlotView.swift; sourceTree = "<group>"; };
		F1ADBC421C7D17F000F91E52 /* ECGViewController.swift */ = {isa = PBXFileReference; fileEncoding = 4; lastKnownFileType = sourcecode.swift; path = ECGViewController.swift; sourceTree = "<group>"; };
/* End PBXFileReference section */

/* Begin PBXFrameworksBuildPhase section */
		F100F01D1C56BFBE0050D285 /* Frameworks */ = {
			isa = PBXFrameworksBuildPhase;
			buildActionMask = 2147483647;
			files = (
			);
			runOnlyForDeploymentPostprocessing = 0;
		};
/* End PBXFrameworksBuildPhase section */

/* Begin PBXGroup section */
		F100F0171C56BFBE0050D285 = {
			isa = PBXGroup;
			children = (
				F100F0221C56BFBE0050D285 /* ECG_mock */,
				F100F0211C56BFBE0050D285 /* Products */,
			);
			sourceTree = "<group>";
		};
		F100F0211C56BFBE0050D285 /* Products */ = {
			isa = PBXGroup;
			children = (
				F100F0201C56BFBE0050D285 /* ECG_mock.app */,
			);
			name = Products;
			sourceTree = "<group>";
		};
		F100F0221C56BFBE0050D285 /* ECG_mock */ = {
			isa = PBXGroup;
			children = (
				F10F3B7B1C91F80300443A7E /* NSData_hexadecimalString.swift */,
				F100F0231C56BFBE0050D285 /* AppDelegate.swift */,
				F100F0251C56BFBE0050D285 /* ViewController.swift */,
				01F9392B1DDA33D800EE11AB /* FakeViewController.swift */,
				01FBFC3F1DE375040033E98F /* DataAnalysis.swift */,
				016B53371DE3BE0F0035CD8A /* FakeDataGenerator.swift */,
				F100F0271C56BFBE0050D285 /* Main.storyboard */,
				F12F0B281CA319B2009AF2C3 /* PlotView.swift */,
				012B4C551DE3F18C003FD752 /* FakePlotView.swift */,
				F1ADBC421C7D17F000F91E52 /* ECGViewController.swift */,
				F100F02A1C56BFBE0050D285 /* Assets.xcassets */,
				F100F02C1C56BFBE0050D285 /* LaunchScreen.storyboard */,
				F100F02F1C56BFBE0050D285 /* Info.plist */,
			);
			path = ECG_mock;
			sourceTree = "<group>";
		};
/* End PBXGroup section */

/* Begin PBXNativeTarget section */
		F100F01F1C56BFBE0050D285 /* ECG_mock */ = {
			isa = PBXNativeTarget;
			buildConfigurationList = F100F0321C56BFBE0050D285 /* Build configuration list for PBXNativeTarget "ECG_mock" */;
			buildPhases = (
				F100F01C1C56BFBE0050D285 /* Sources */,
				F100F01D1C56BFBE0050D285 /* Frameworks */,
				F100F01E1C56BFBE0050D285 /* Resources */,
			);
			buildRules = (
			);
			dependencies = (
			);
			name = ECG_mock;
			productName = ECG_mock;
			productReference = F100F0201C56BFBE0050D285 /* ECG_mock.app */;
			productType = "com.apple.product-type.application";
		};
/* End PBXNativeTarget section */

/* Begin PBXProject section */
		F100F0181C56BFBE0050D285 /* Project object */ = {
			isa = PBXProject;
			attributes = {
				LastSwiftUpdateCheck = 0720;
				LastUpgradeCheck = 0810;
				ORGANIZATIONNAME = "___STREYLAB___";
				TargetAttributes = {
					F100F01F1C56BFBE0050D285 = {
						CreatedOnToolsVersion = 7.2;
						DevelopmentTeam = AJG67EX98Q;
						LastSwiftMigration = 0810;
					};
				};
			};
			buildConfigurationList = F100F01B1C56BFBE0050D285 /* Build configuration list for PBXProject "ECG_mock" */;
			compatibilityVersion = "Xcode 3.2";
			developmentRegion = English;
			hasScannedForEncodings = 0;
			knownRegions = (
				en,
				Base,
			);
			mainGroup = F100F0171C56BFBE0050D285;
			productRefGroup = F100F0211C56BFBE0050D285 /* Products */;
			projectDirPath = "";
			projectRoot = "";
			targets = (
				F100F01F1C56BFBE0050D285 /* ECG_mock */,
			);
		};
/* End PBXProject section */

/* Begin PBXResourcesBuildPhase section */
		F100F01E1C56BFBE0050D285 /* Resources */ = {
			isa = PBXResourcesBuildPhase;
			buildActionMask = 2147483647;
			files = (
				F100F02E1C56BFBE0050D285 /* LaunchScreen.storyboard in Resources */,
				F100F02B1C56BFBE0050D285 /* Assets.xcassets in Resources */,
				F100F0291C56BFBE0050D285 /* Main.storyboard in Resources */,
			);
			runOnlyForDeploymentPostprocessing = 0;
		};
/* End PBXResourcesBuildPhase section */

/* Begin PBXSourcesBuildPhase section */
		F100F01C1C56BFBE0050D285 /* Sources */ = {
			isa = PBXSourcesBuildPhase;
			buildActionMask = 2147483647;
			files = (
				F100F0261C56BFBE0050D285 /* ViewController.swift in Sources */,
				F12F0B291CA319B2009AF2C3 /* PlotView.swift in Sources */,
				012B4C561DE3F18C003FD752 /* FakePlotView.swift in Sources */,
				016B53381DE3BE0F0035CD8A /* FakeDataGenerator.swift in Sources */,
				F1ADBC431C7D17F000F91E52 /* ECGViewController.swift in Sources */,
				01F9392C1DDA33D800EE11AB /* FakeViewController.swift in Sources */,
				F100F0241C56BFBE0050D285 /* AppDelegate.swift in Sources */,
				01FBFC401DE375040033E98F /* DataAnalysis.swift in Sources */,
				F10F3B7C1C91F80300443A7E /* NSData_hexadecimalString.swift in Sources */,
			);
			runOnlyForDeploymentPostprocessing = 0;
		};
/* End PBXSourcesBuildPhase section */

/* Begin PBXVariantGroup section */
		F100F0271C56BFBE0050D285 /* Main.storyboard */ = {
			isa = PBXVariantGroup;
			children = (
				F100F0281C56BFBE0050D285 /* Base */,
			);
			name = Main.storyboard;
			sourceTree = "<group>";
		};
		F100F02C1C56BFBE0050D285 /* LaunchScreen.storyboard */ = {
			isa = PBXVariantGroup;
			children = (
				F100F02D1C56BFBE0050D285 /* Base */,
			);
			name = LaunchScreen.storyboard;
			sourceTree = "<group>";
		};
/* End PBXVariantGroup section */

/* Begin XCBuildConfiguration section */
		F100F0301C56BFBE0050D285 /* Debug */ = {
			isa = XCBuildConfiguration;
			buildSettings = {
				ALWAYS_SEARCH_USER_PATHS = NO;
				CLANG_CXX_LANGUAGE_STANDARD = "gnu++0x";
				CLANG_CXX_LIBRARY = "libc++";
				CLANG_ENABLE_MODULES = YES;
				CLANG_ENABLE_OBJC_ARC = YES;
				CLANG_WARN_BOOL_CONVERSION = YES;
				CLANG_WARN_CONSTANT_CONVERSION = YES;
				CLANG_WARN_DIRECT_OBJC_ISA_USAGE = YES_ERROR;
				CLANG_WARN_EMPTY_BODY = YES;
				CLANG_WARN_ENUM_CONVERSION = YES;
				CLANG_WARN_INFINITE_RECURSION = YES;
				CLANG_WARN_INT_CONVERSION = YES;
				CLANG_WARN_OBJC_ROOT_CLASS = YES_ERROR;
				CLANG_WARN_SUSPICIOUS_MOVE = YES;
				CLANG_WARN_UNREACHABLE_CODE = YES;
				CLANG_WARN__DUPLICATE_METHOD_MATCH = YES;
				"CODE_SIGN_IDENTITY[sdk=iphoneos*]" = "iPhone Developer";
				COPY_PHASE_STRIP = NO;
				DEBUG_INFORMATION_FORMAT = dwarf;
				ENABLE_STRICT_OBJC_MSGSEND = YES;
				ENABLE_TESTABILITY = YES;
				GCC_C_LANGUAGE_STANDARD = gnu99;
				GCC_DYNAMIC_NO_PIC = NO;
				GCC_NO_COMMON_BLOCKS = YES;
				GCC_OPTIMIZATION_LEVEL = 0;
				GCC_PREPROCESSOR_DEFINITIONS = (
					"DEBUG=1",
					"$(inherited)",
				);
				GCC_WARN_64_TO_32_BIT_CONVERSION = YES;
				GCC_WARN_ABOUT_RETURN_TYPE = YES_ERROR;
				GCC_WARN_UNDECLARED_SELECTOR = YES;
				GCC_WARN_UNINITIALIZED_AUTOS = YES_AGGRESSIVE;
				GCC_WARN_UNUSED_FUNCTION = YES;
				GCC_WARN_UNUSED_VARIABLE = YES;
				IPHONEOS_DEPLOYMENT_TARGET = 10.0;
				MTL_ENABLE_DEBUG_INFO = YES;
				ONLY_ACTIVE_ARCH = YES;
				SDKROOT = iphoneos;
				SWIFT_OPTIMIZATION_LEVEL = "-Onone";
			};
			name = Debug;
		};
		F100F0311C56BFBE0050D285 /* Release */ = {
			isa = XCBuildConfiguration;
			buildSettings = {
				ALWAYS_SEARCH_USER_PATHS = NO;
				CLANG_CXX_LANGUAGE_STANDARD = "gnu++0x";
				CLANG_CXX_LIBRARY = "libc++";
				CLANG_ENABLE_MODULES = YES;
				CLANG_ENABLE_OBJC_ARC = YES;
				CLANG_WARN_BOOL_CONVERSION = YES;
				CLANG_WARN_CONSTANT_CONVERSION = YES;
				CLANG_WARN_DIRECT_OBJC_ISA_USAGE = YES_ERROR;
				CLANG_WARN_EMPTY_BODY = YES;
				CLANG_WARN_ENUM_CONVERSION = YES;
				CLANG_WARN_INFINITE_RECURSION = YES;
				CLANG_WARN_INT_CONVERSION = YES;
				CLANG_WARN_OBJC_ROOT_CLASS = YES_ERROR;
				CLANG_WARN_SUSPICIOUS_MOVE = YES;
				CLANG_WARN_UNREACHABLE_CODE = YES;
				CLANG_WARN__DUPLICATE_METHOD_MATCH = YES;
				"CODE_SIGN_IDENTITY[sdk=iphoneos*]" = "iPhone Developer";
				COPY_PHASE_STRIP = NO;
				DEBUG_INFORMATION_FORMAT = "dwarf-with-dsym";
				ENABLE_NS_ASSERTIONS = NO;
				ENABLE_STRICT_OBJC_MSGSEND = YES;
				GCC_C_LANGUAGE_STANDARD = gnu99;
				GCC_NO_COMMON_BLOCKS = YES;
				GCC_WARN_64_TO_32_BIT_CONVERSION = YES;
				GCC_WARN_ABOUT_RETURN_TYPE = YES_ERROR;
				GCC_WARN_UNDECLARED_SELECTOR = YES;
				GCC_WARN_UNINITIALIZED_AUTOS = YES_AGGRESSIVE;
				GCC_WARN_UNUSED_FUNCTION = YES;
				GCC_WARN_UNUSED_VARIABLE = YES;
				IPHONEOS_DEPLOYMENT_TARGET = 10.0;
				MTL_ENABLE_DEBUG_INFO = NO;
				SDKROOT = iphoneos;
				SWIFT_OPTIMIZATION_LEVEL = "-Owholemodule";
				VALIDATE_PRODUCT = YES;
			};
			name = Release;
		};
		F100F0331C56BFBE0050D285 /* Debug */ = {
			isa = XCBuildConfiguration;
			buildSettings = {
				ASSETCATALOG_COMPILER_APPICON_NAME = AppIcon;
				CODE_SIGN_IDENTITY = "iPhone Developer";
				"CODE_SIGN_IDENTITY[sdk=iphoneos*]" = "iPhone Developer";
				DEVELOPMENT_TEAM = AJG67EX98Q;
				INFOPLIST_FILE = ECG_mock/Info.plist;
				LD_RUNPATH_SEARCH_PATHS = "$(inherited) @executable_path/Frameworks";
				PRODUCT_BUNDLE_IDENTIFIER = "BME573.ECG-mock";
				PRODUCT_NAME = "$(TARGET_NAME)";
				PROVISIONING_PROFILE = "";
				SWIFT_VERSION = 3.0;
			};
			name = Debug;
		};
		F100F0341C56BFBE0050D285 /* Release */ = {
			isa = XCBuildConfiguration;
			buildSettings = {
				ASSETCATALOG_COMPILER_APPICON_NAME = AppIcon;
				CODE_SIGN_IDENTITY = "iPhone Developer";
				"CODE_SIGN_IDENTITY[sdk=iphoneos*]" = "iPhone Developer";
				DEVELOPMENT_TEAM = AJG67EX98Q;
				INFOPLIST_FILE = ECG_mock/Info.plist;
				LD_RUNPATH_SEARCH_PATHS = "$(inherited) @executable_path/Frameworks";
				PRODUCT_BUNDLE_IDENTIFIER = "BME573.ECG-mock";
				PRODUCT_NAME = "$(TARGET_NAME)";
				PROVISIONING_PROFILE = "";
				SWIFT_VERSION = 3.0;
			};
			name = Release;
		};
/* End XCBuildConfiguration section */

/* Begin XCConfigurationList section */
		F100F01B1C56BFBE0050D285 /* Build configuration list for PBXProject "ECG_mock" */ = {
			isa = XCConfigurationList;
			buildConfigurations = (
				F100F0301C56BFBE0050D285 /* Debug */,
				F100F0311C56BFBE0050D285 /* Release */,
			);
			defaultConfigurationIsVisible = 0;
			defaultConfigurationName = Release;
		};
		F100F0321C56BFBE0050D285 /* Build configuration list for PBXNativeTarget "ECG_mock" */ = {
			isa = XCConfigurationList;
			buildConfigurations = (
				F100F0331C56BFBE0050D285 /* Debug */,
				F100F0341C56BFBE0050D285 /* Release */,
			);
			defaultConfigurationIsVisible = 0;
			defaultConfigurationName = Release;
		};
/* End XCConfigurationList section */
	};
	rootObject = F100F0181C56BFBE0050D285 /* Project object */;
}
